
Microsoft Visual Studio Solution File, Format Version 12.00
# Visual Studio Version 17
VisualStudioVersion = 17.14.36717.8 d17.14
MinimumVisualStudioVersion = 10.0.40219.1
Project("{FAE04EC0-301F-11D3-BF4B-00C04F79EFBC}") = "RetroDemo", "RetroDemo\RetroDemo.csproj", "{E6F6A4E0-A847-43C1-B2FC-8FEFE393E706}"
EndProject
Project("{2150E333-8FDC-42A3-9474-1A3956D46DE8}") = "Solution Files", "Solution Files", "{02EA681E-C7D8-13C7-8484-4AC65E1B71E8}"
	ProjectSection(SolutionItems) = preProject
		.editorconfig = .editorconfig
		.gitignore = .gitignore
		Directory.Packages.props = Directory.Packages.props
		LICENSE = LICENSE
		README.md = README.md
		scene.xml = scene.xml
	EndProjectSection
EndProject
Project("{FAE04EC0-301F-11D3-BF4B-00C04F79EFBC}") = "RetroLibrary.XmlLoader", "RetroLibrary.Loader\RetroLibrary.XmlLoader.csproj", "{EBE98BFD-3515-7BE4-E9BF-57D190124844}"
EndProject
Project("{2150E333-8FDC-42A3-9474-1A3956D46DE8}") = "Tests", "Tests", "{316E080F-EBCB-4957-A8E0-A2BE22ABF5B2}"
EndProject
Project("{FAE04EC0-301F-11D3-BF4B-00C04F79EFBC}") = "RetroLibrary.Core", "RetroLibrary.Core\RetroLibrary.Core.csproj", "{3D1CDD35-67F8-4585-A7F9-DBEC79828177}"
EndProject
Project("{FAE04EC0-301F-11D3-BF4B-00C04F79EFBC}") = "RetroLibrary.Core.UnitTests", "RetroLibrary.Core.UnitTests\RetroLibrary.Core.UnitTests.csproj", "{B46CC245-6C33-4572-B42E-361BEF4434E7}"
EndProject
Project("{FAE04EC0-301F-11D3-BF4B-00C04F79EFBC}") = "RetroLibrary.Controls", "RetroLibrary.Controls\RetroLibrary.Controls.csproj", "{69E32E3E-C3A6-E853-9C5F-FFB393CDB92E}"
EndProject
Global
	GlobalSection(SolutionConfigurationPlatforms) = preSolution
		Debug|Any CPU = Debug|Any CPU
		Debug|x64 = Debug|x64
		Release|Any CPU = Release|Any CPU
		Release|x64 = Release|x64
	EndGlobalSection
	GlobalSection(ProjectConfigurationPlatforms) = postSolution
		{E6F6A4E0-A847-43C1-B2FC-8FEFE393E706}.Debug|Any CPU.ActiveCfg = Debug|Any CPU
		{E6F6A4E0-A847-43C1-B2FC-8FEFE393E706}.Debug|Any CPU.Build.0 = Debug|Any CPU
		{E6F6A4E0-A847-43C1-B2FC-8FEFE393E706}.Debug|x64.ActiveCfg = Debug|x64
		{E6F6A4E0-A847-43C1-B2FC-8FEFE393E706}.Debug|x64.Build.0 = Debug|x64
		{E6F6A4E0-A847-43C1-B2FC-8FEFE393E706}.Release|Any CPU.ActiveCfg = Release|Any CPU
		{E6F6A4E0-A847-43C1-B2FC-8FEFE393E706}.Release|Any CPU.Build.0 = Release|Any CPU
		{E6F6A4E0-A847-43C1-B2FC-8FEFE393E706}.Release|x64.ActiveCfg = Release|x64
		{E6F6A4E0-A847-43C1-B2FC-8FEFE393E706}.Release|x64.Build.0 = Release|x64
		{EBE98BFD-3515-7BE4-E9BF-57D190124844}.Debug|Any CPU.ActiveCfg = Debug|Any CPU
		{EBE98BFD-3515-7BE4-E9BF-57D190124844}.Debug|Any CPU.Build.0 = Debug|Any CPU
		{EBE98BFD-3515-7BE4-E9BF-57D190124844}.Debug|x64.ActiveCfg = Debug|x64
		{EBE98BFD-3515-7BE4-E9BF-57D190124844}.Debug|x64.Build.0 = Debug|x64
		{EBE98BFD-3515-7BE4-E9BF-57D190124844}.Release|Any CPU.ActiveCfg = Release|Any CPU
		{EBE98BFD-3515-7BE4-E9BF-57D190124844}.Release|Any CPU.Build.0 = Release|Any CPU
		{EBE98BFD-3515-7BE4-E9BF-57D190124844}.Release|x64.ActiveCfg = Release|x64
		{EBE98BFD-3515-7BE4-E9BF-57D190124844}.Release|x64.Build.0 = Release|x64
		{3D1CDD35-67F8-4585-A7F9-DBEC79828177}.Debug|Any CPU.ActiveCfg = Debug|Any CPU
		{3D1CDD35-67F8-4585-A7F9-DBEC79828177}.Debug|Any CPU.Build.0 = Debug|Any CPU
		{3D1CDD35-67F8-4585-A7F9-DBEC79828177}.Debug|x64.ActiveCfg = Debug|x64
		{3D1CDD35-67F8-4585-A7F9-DBEC79828177}.Debug|x64.Build.0 = Debug|x64
		{3D1CDD35-67F8-4585-A7F9-DBEC79828177}.Release|Any CPU.ActiveCfg = Release|Any CPU
		{3D1CDD35-67F8-4585-A7F9-DBEC79828177}.Release|Any CPU.Build.0 = Release|Any CPU
		{3D1CDD35-67F8-4585-A7F9-DBEC79828177}.Release|x64.ActiveCfg = Release|x64
		{3D1CDD35-67F8-4585-A7F9-DBEC79828177}.Release|x64.Build.0 = Release|x64
		{B46CC245-6C33-4572-B42E-361BEF4434E7}.Debug|Any CPU.ActiveCfg = Debug|Any CPU
		{B46CC245-6C33-4572-B42E-361BEF4434E7}.Debug|Any CPU.Build.0 = Debug|Any CPU
		{B46CC245-6C33-4572-B42E-361BEF4434E7}.Debug|x64.ActiveCfg = Debug|x64
		{B46CC245-6C33-4572-B42E-361BEF4434E7}.Debug|x64.Build.0 = Debug|x64
		{B46CC245-6C33-4572-B42E-361BEF4434E7}.Release|Any CPU.ActiveCfg = Release|Any CPU
		{B46CC245-6C33-4572-B42E-361BEF4434E7}.Release|Any CPU.Build.0 = Release|Any CPU
		{B46CC245-6C33-4572-B42E-361BEF4434E7}.Release|x64.ActiveCfg = Release|x64
		{B46CC245-6C33-4572-B42E-361BEF4434E7}.Release|x64.Build.0 = Release|x64
		{69E32E3E-C3A6-E853-9C5F-FFB393CDB92E}.Debug|Any CPU.ActiveCfg = Debug|Any CPU
		{69E32E3E-C3A6-E853-9C5F-FFB393CDB92E}.Debug|Any CPU.Build.0 = Debug|Any CPU
		{69E32E3E-C3A6-E853-9C5F-FFB393CDB92E}.Debug|x64.ActiveCfg = Debug|x64
		{69E32E3E-C3A6-E853-9C5F-FFB393CDB92E}.Debug|x64.Build.0 = Debug|x64
		{69E32E3E-C3A6-E853-9C5F-FFB393CDB92E}.Release|Any CPU.ActiveCfg = Release|Any CPU
		{69E32E3E-C3A6-E853-9C5F-FFB393CDB92E}.Release|Any CPU.Build.0 = Release|Any CPU
		{69E32E3E-C3A6-E853-9C5F-FFB393CDB92E}.Release|x64.ActiveCfg = Release|x64
		{69E32E3E-C3A6-E853-9C5F-FFB393CDB92E}.Release|x64.Build.0 = Release|x64
	EndGlobalSection
	GlobalSection(SolutionProperties) = preSolution
		HideSolutionNode = FALSE
	EndGlobalSection
	GlobalSection(NestedProjects) = preSolution
		{B46CC245-6C33-4572-B42E-361BEF4434E7} = {316E080F-EBCB-4957-A8E0-A2BE22ABF5B2}
	EndGlobalSection
	GlobalSection(ExtensibilityGlobals) = postSolution
		SolutionGuid = {5F6EAD7F-4CCF-4D7B-9033-018937C24F41}
	EndGlobalSection
EndGlobal
